
Microsoft Visual Studio Solution File, Format Version 12.00
# Visual Studio 15
VisualStudioVersion = 15.0.27703.2042
MinimumVisualStudioVersion = 10.0.40219.1
Project("{FAE04EC0-301F-11D3-BF4B-00C04F79EFBC}") = "3P71-2", "3P71-2\3P71-2.csproj", "{CFD89F97-11D2-4D03-AC2F-D3FEA78CD178}"
EndProject
Global
	GlobalSection(SolutionConfigurationPlatforms) = preSolution
		Debug|Any CPU = Debug|Any CPU
		Release|Any CPU = Release|Any CPU
	EndGlobalSection
	GlobalSection(ProjectConfigurationPlatforms) = postSolution
		{CFD89F97-11D2-4D03-AC2F-D3FEA78CD178}.Debug|Any CPU.ActiveCfg = Debug|Any CPU
		{CFD89F97-11D2-4D03-AC2F-D3FEA78CD178}.Debug|Any CPU.Build.0 = Debug|Any CPU
		{CFD89F97-11D2-4D03-AC2F-D3FEA78CD178}.Release|Any CPU.ActiveCfg = Release|Any CPU
		{CFD89F97-11D2-4D03-AC2F-D3FEA78CD178}.Release|Any CPU.Build.0 = Release|Any CPU
	EndGlobalSection
	GlobalSection(SolutionProperties) = preSolution
		HideSolutionNode = FALSE
	EndGlobalSection
	GlobalSection(ExtensibilityGlobals) = postSolution
		SolutionGuid = {97064602-8EBE-43C3-B066-6F827B420D8D}
	EndGlobalSection
EndGlobal
